
Microsoft Visual Studio Solution File, Format Version 12.00
# Visual Studio Version 16
VisualStudioVersion = 16.0.31911.196
MinimumVisualStudioVersion = 10.0.40219.1
Project("{FAE04EC0-301F-11D3-BF4B-00C04F79EFBC}") = "AgenciaCrud", "AgenciaCrud.csproj", "{9B810581-9A8E-4A6B-9C90-A6FD4BB63422}"
EndProject
Global
	GlobalSection(SolutionConfigurationPlatforms) = preSolution
		Debug|Any CPU = Debug|Any CPU
		Release|Any CPU = Release|Any CPU
	EndGlobalSection
	GlobalSection(ProjectConfigurationPlatforms) = postSolution
		{9B810581-9A8E-4A6B-9C90-A6FD4BB63422}.Debug|Any CPU.ActiveCfg = Debug|Any CPU
		{9B810581-9A8E-4A6B-9C90-A6FD4BB63422}.Debug|Any CPU.Build.0 = Debug|Any CPU
		{9B810581-9A8E-4A6B-9C90-A6FD4BB63422}.Release|Any CPU.ActiveCfg = Release|Any CPU
		{9B810581-9A8E-4A6B-9C90-A6FD4BB63422}.Release|Any CPU.Build.0 = Release|Any CPU
	EndGlobalSection
	GlobalSection(SolutionProperties) = preSolution
		HideSolutionNode = FALSE
	EndGlobalSection
	GlobalSection(ExtensibilityGlobals) = postSolution
		SolutionGuid = {D6703695-2258-4063-A9B0-713000E36A76}
	EndGlobalSection
EndGlobal
